
Microsoft Visual Studio Solution File, Format Version 12.00
# Visual Studio Version 17
VisualStudioVersion = 17.6.33723.286
MinimumVisualStudioVersion = 10.0.40219.1
Project("{FAE04EC0-301F-11D3-BF4B-00C04F79EFBC}") = "ServerApp", "ServerApp\ServerApp.csproj", "{953C3F44-5014-4D4D-93A4-B4C71F8BEA0E}"
EndProject
Project("{FAE04EC0-301F-11D3-BF4B-00C04F79EFBC}") = "ClientApp", "ClientApp\ClientApp.csproj", "{8A89281C-BADF-4AB9-8ADE-56B6609C2510}"
EndProject
Global
	GlobalSection(SolutionConfigurationPlatforms) = preSolution
		Debug|Any CPU = Debug|Any CPU
		Release|Any CPU = Release|Any CPU
	EndGlobalSection
	GlobalSection(ProjectConfigurationPlatforms) = postSolution
		{953C3F44-5014-4D4D-93A4-B4C71F8BEA0E}.Debug|Any CPU.ActiveCfg = Debug|Any CPU
		{953C3F44-5014-4D4D-93A4-B4C71F8BEA0E}.Debug|Any CPU.Build.0 = Debug|Any CPU
		{953C3F44-5014-4D4D-93A4-B4C71F8BEA0E}.Release|Any CPU.ActiveCfg = Release|Any CPU
		{953C3F44-5014-4D4D-93A4-B4C71F8BEA0E}.Release|Any CPU.Build.0 = Release|Any CPU
		{8A89281C-BADF-4AB9-8ADE-56B6609C2510}.Debug|Any CPU.ActiveCfg = Debug|Any CPU
		{8A89281C-BADF-4AB9-8ADE-56B6609C2510}.Debug|Any CPU.Build.0 = Debug|Any CPU
		{8A89281C-BADF-4AB9-8ADE-56B6609C2510}.Release|Any CPU.ActiveCfg = Release|Any CPU
		{8A89281C-BADF-4AB9-8ADE-56B6609C2510}.Release|Any CPU.Build.0 = Release|Any CPU
	EndGlobalSection
	GlobalSection(SolutionProperties) = preSolution
		HideSolutionNode = FALSE
	EndGlobalSection
	GlobalSection(ExtensibilityGlobals) = postSolution
		SolutionGuid = {B34CD550-2EE1-4917-8FEE-B0E6845845EF}
	EndGlobalSection
EndGlobal
